// !$*UTF8*$!
{
	archiveVersion = 1;
	classes = {
	};
	objectVersion = 77;
	objects = {

/* Begin PBXContainerItemProxy section */
		46A7FC9A2F4E0E250071D3AB /* PBXContainerItemProxy */ = {
			isa = PBXContainerItemProxy;
			containerPortal = 46A7FC812F4E0E220071D3AB /* Project object */;
			proxyType = 1;
			remoteGlobalIDString = 46A7FC882F4E0E220071D3AB;
			remoteInfo = Barkly;
		};
		46A7FCA42F4E0E250071D3AB /* PBXContainerItemProxy */ = {
			isa = PBXContainerItemProxy;
			containerPortal = 46A7FC812F4E0E220071D3AB /* Project object */;
			proxyType = 1;
			remoteGlobalIDString = 46A7FC882F4E0E220071D3AB;
			remoteInfo = Barkly;
		};
/* End PBXContainerItemProxy section */

/* Begin PBXFileReference section */
		46A7FC892F4E0E220071D3AB /* Barkly.app */ = {isa = PBXFileReference; explicitFileType = wrapper.application; includeInIndex = 0; path = Barkly.app; sourceTree = BUILT_PRODUCTS_DIR; };
		46A7FC992F4E0E250071D3AB /* BarklyTests.xctest */ = {isa = PBXFileReference; explicitFileType = wrapper.cfbundle; includeInIndex = 0; path = BarklyTests.xctest; sourceTree = BUILT_PRODUCTS_DIR; };
		46A7FCA32F4E0E250071D3AB /* BarklyUITests.xctest */ = {isa = PBXFileReference; explicitFileType = wrapper.cfbundle; includeInIndex = 0; path = BarklyUITests.xctest; sourceTree = BUILT_PRODUCTS_DIR; };
/* End PBXFileReference section */

/* Begin PBXFileSystemSynchronizedRootGroup section */
		46A7FC8B2F4E0E220071D3AB /* Barkly */ = {
			isa = PBXFileSystemSynchronizedRootGroup;
			path = Barkly;
			sourceTree = "<group>";
		};
		46A7FC9C2F4E0E250071D3AB /* BarklyTests */ = {
			isa = PBXFileSystemSynchronizedRootGroup;
			path = BarklyTests;
			sourceTree = "<group>";
		};
		46A7FCA62F4E0E250071D3AB /* BarklyUITests */ = {
			isa = PBXFileSystemSynchronizedRootGroup;
			path = BarklyUITests;
			sourceTree = "<group>";
		};
/* End PBXFileSystemSynchronizedRootGroup section */

/* Begin PBXFrameworksBuildPhase section */
		46A7FC862F4E0E220071D3AB /* Frameworks */ = {
			isa = PBXFrameworksBuildPhase;
			buildActionMask = 2147483647;
			files = (
			);
			runOnlyForDeploymentPostprocessing = 0;
		};
		46A7FC962F4E0E250071D3AB /* Frameworks */ = {
			isa = PBXFrameworksBuildPhase;
			buildActionMask = 2147483647;
			files = (
			);
			runOnlyForDeploymentPostprocessing = 0;
		};
		46A7FCA02F4E0E250071D3AB /* Frameworks */ = {
			isa = PBXFrameworksBuildPhase;
			buildActionMask = 2147483647;
			files = (
			);
			runOnlyForDeploymentPostprocessing = 0;
		};
/* End PBXFrameworksBuildPhase section */

/* Begin PBXGroup section */
		46A7FC802F4E0E220071D3AB = {
			isa = PBXGroup;
			children = (
				46A7FC8B2F4E0E220071D3AB /* Barkly */,
				46A7FC9C2F4E0E250071D3AB /* BarklyTests */,
				46A7FCA62F4E0E250071D3AB /* BarklyUITests */,
				46A7FC8A2F4E0E220071D3AB /* Products */,
			);
			sourceTree = "<group>";
		};
		46A7FC8A2F4E0E220071D3AB /* Products */ = {
			isa = PBXGroup;
			children = (
				46A7FC892F4E0E220071D3AB /* Barkly.app */,
				46A7FC992F4E0E250071D3AB /* BarklyTests.xctest */,
				46A7FCA32F4E0E250071D3AB /* BarklyUITests.xctest */,
			);
			name = Products;
			sourceTree = "<group>";
		};
/* End PBXGroup section */

/* Begin PBXNativeTarget section */
		46A7FC882F4E0E220071D3AB /* Barkly */ = {
			isa = PBXNativeTarget;
			buildConfigurationList = 46A7FCAD2F4E0E250071D3AB /* Build configuration list for PBXNativeTarget "Barkly" */;
			buildPhases = (
				46A7FC852F4E0E220071D3AB /* Sources */,
				46A7FC862F4E0E220071D3AB /* Frameworks */,
				46A7FC872F4E0E220071D3AB /* Resources */,
			);
			buildRules = (
			);
			dependencies = (
			);
			fileSystemSynchronizedGroups = (
				46A7FC8B2F4E0E220071D3AB /* Barkly */,
			);
			name = Barkly;
			packageProductDependencies = (
			);
			productName = Barkly;
			productReference = 46A7FC892F4E0E220071D3AB /* Barkly.app */;
			productType = "com.apple.product-type.application";
		};
		46A7FC982F4E0E250071D3AB /* BarklyTests */ = {
			isa = PBXNativeTarget;
			buildConfigurationList = 46A7FCB02F4E0E250071D3AB /* Build configuration list for PBXNativeTarget "BarklyTests" */;
			buildPhases = (
				46A7FC952F4E0E250071D3AB /* Sources */,
				46A7FC962F4E0E250071D3AB /* Frameworks */,
				46A7FC972F4E0E250071D3AB /* Resources */,
			);
			buildRules = (
			);
			dependencies = (
				46A7FC9B2F4E0E250071D3AB /* PBXTargetDependency */,
			);
			fileSystemSynchronizedGroups = (
				46A7FC9C2F4E0E250071D3AB /* BarklyTests */,
			);
			name = BarklyTests;
			packageProductDependencies = (
			);
			productName = BarklyTests;
			productReference = 46A7FC992F4E0E250071D3AB /* BarklyTests.xctest */;
			productType = "com.apple.product-type.bundle.unit-test";
		};
		46A7FCA22F4E0E250071D3AB /* BarklyUITests */ = {
			isa = PBXNativeTarget;
			buildConfigurationList = 46A7FCB32F4E0E250071D3AB /* Build configuration list for PBXNativeTarget "BarklyUITests" */;
			buildPhases = (
				46A7FC9F2F4E0E250071D3AB /* Sources */,
				46A7FCA02F4E0E250071D3AB /* Frameworks */,
				46A7FCA12F4E0E250071D3AB /* Resources */,
			);
			buildRules = (
			);
			dependencies = (
				46A7FCA52F4E0E250071D3AB /* PBXTargetDependency */,
			);
			fileSystemSynchronizedGroups = (
				46A7FCA62F4E0E250071D3AB /* BarklyUITests */,
			);
			name = BarklyUITests;
			packageProductDependencies = (
			);
			productName = BarklyUITests;
			productReference = 46A7FCA32F4E0E250071D3AB /* BarklyUITests.xctest */;
			productType = "com.apple.product-type.bundle.ui-testing";
		};
/* End PBXNativeTarget section */

/* Begin PBXProject section */
		46A7FC812F4E0E220071D3AB /* Project object */ = {
			isa = PBXProject;
			attributes = {
				BuildIndependentTargetsInParallel = 1;
				LastSwiftUpdateCheck = 1620;
				LastUpgradeCheck = 1620;
				TargetAttributes = {
					46A7FC882F4E0E220071D3AB = {
						CreatedOnToolsVersion = 16.2;
					};
					46A7FC982F4E0E250071D3AB = {
						CreatedOnToolsVersion = 16.2;
						TestTargetID = 46A7FC882F4E0E220071D3AB;
					};
					46A7FCA22F4E0E250071D3AB = {
						CreatedOnToolsVersion = 16.2;
						TestTargetID = 46A7FC882F4E0E220071D3AB;
					};
				};
			};
			buildConfigurationList = 46A7FC842F4E0E220071D3AB /* Build configuration list for PBXProject "Barkly" */;
			developmentRegion = en;
			hasScannedForEncodings = 0;
			knownRegions = (
				en,
				Base,
			);
			mainGroup = 46A7FC802F4E0E220071D3AB;
			minimizedProjectReferenceProxies = 1;
			preferredProjectObjectVersion = 77;
			productRefGroup = 46A7FC8A2F4E0E220071D3AB /* Products */;
			projectDirPath = "";
			projectRoot = "";
			targets = (
				46A7FC882F4E0E220071D3AB /* Barkly */,
				46A7FC982F4E0E250071D3AB /* BarklyTests */,
				46A7FCA22F4E0E250071D3AB /* BarklyUITests */,
			);
		};
/* End PBXProject section */

/* Begin PBXResourcesBuildPhase section */
		46A7FC872F4E0E220071D3AB /* Resources */ = {
			isa = PBXResourcesBuildPhase;
			buildActionMask = 2147483647;
			files = (
			);
			runOnlyForDeploymentPostprocessing = 0;
		};
		46A7FC972F4E0E250071D3AB /* Resources */ = {
			isa = PBXResourcesBuildPhase;
			buildActionMask = 2147483647;
			files = (
			);
			runOnlyForDeploymentPostprocessing = 0;
		};
		46A7FCA12F4E0E250071D3AB /* Resources */ = {
			isa = PBXResourcesBuildPhase;
			buildActionMask = 2147483647;
			files = (
			);
			runOnlyForDeploymentPostprocessing = 0;
		};
/* End PBXResourcesBuildPhase section */

/* Begin PBXSourcesBuildPhase section */
		46A7FC852F4E0E220071D3AB /* Sources */ = {
			isa = PBXSourcesBuildPhase;
			buildActionMask = 2147483647;
			files = (
			);
			runOnlyForDeploymentPostprocessing = 0;
		};
		46A7FC952F4E0E250071D3AB /* Sources */ = {
			isa = PBXSourcesBuildPhase;
			buildActionMask = 2147483647;
			files = (
			);
			runOnlyForDeploymentPostprocessing = 0;
		};
		46A7FC9F2F4E0E250071D3AB /* Sources */ = {
			isa = PBXSourcesBuildPhase;
			buildActionMask = 2147483647;
			files = (
			);
			runOnlyForDeploymentPostprocessing = 0;
		};
/* End PBXSourcesBuildPhase section */

/* Begin PBXTargetDependency section */
		46A7FC9B2F4E0E250071D3AB /* PBXTargetDependency */ = {
			isa = PBXTargetDependency;
			target = 46A7FC882F4E0E220071D3AB /* Barkly */;
			targetProxy = 46A7FC9A2F4E0E250071D3AB /* PBXContainerItemProxy */;
		};
		46A7FCA52F4E0E250071D3AB /* PBXTargetDependency */ = {
			isa = PBXTargetDependency;
			target = 46A7FC882F4E0E220071D3AB /* Barkly */;
			targetProxy = 46A7FCA42F4E0E250071D3AB /* PBXContainerItemProxy */;
		};
/* End PBXTargetDependency section */

/* Begin XCBuildConfiguration section */
		46A7FCAB2F4E0E250071D3AB /* Debug */ = {
			isa = XCBuildConfiguration;
			buildSettings = {
				ALWAYS_SEARCH_USER_PATHS = NO;
				ASSETCATALOG_COMPILER_GENERATE_SWIFT_ASSET_SYMBOL_EXTENSIONS = YES;
				CLANG_ANALYZER_NONNULL = YES;
				CLANG_ANALYZER_NUMBER_OBJECT_CONVERSION = YES_AGGRESSIVE;
				CLANG_CXX_LANGUAGE_STANDARD = "gnu++20";
				CLANG_ENABLE_MODULES = YES;
				CLANG_ENABLE_OBJC_ARC = YES;
				CLANG_ENABLE_OBJC_WEAK = YES;
				CLANG_WARN_BLOCK_CAPTURE_AUTORELEASING = YES;
				CLANG_WARN_BOOL_CONVERSION = YES;
				CLANG_WARN_COMMA = YES;
				CLANG_WARN_CONSTANT_CONVERSION = YES;
				CLANG_WARN_DEPRECATED_OBJC_IMPLEMENTATIONS = YES;
				CLANG_WARN_DIRECT_OBJC_ISA_USAGE = YES_ERROR;
				CLANG_WARN_DOCUMENTATION_COMMENTS = YES;
				CLANG_WARN_EMPTY_BODY = YES;
				CLANG_WARN_ENUM_CONVERSION = YES;
				CLANG_WARN_INFINITE_RECURSION = YES;
				CLANG_WARN_INT_CONVERSION = YES;
				CLANG_WARN_NON_LITERAL_NULL_CONVERSION = YES;
				CLANG_WARN_OBJC_IMPLICIT_RETAIN_SELF = YES;
				CLANG_WARN_OBJC_LITERAL_CONVERSION = YES;
				CLANG_WARN_OBJC_ROOT_CLASS = YES_ERROR;
				CLANG_WARN_QUOTED_INCLUDE_IN_FRAMEWORK_HEADER = YES;
				CLANG_WARN_RANGE_LOOP_ANALYSIS = YES;
				CLANG_WARN_STRICT_PROTOTYPES = YES;
				CLANG_WARN_SUSPICIOUS_MOVE = YES;
				CLANG_WARN_UNGUARDED_AVAILABILITY = YES_AGGRESSIVE;
				CLANG_WARN_UNREACHABLE_CODE = YES;
				CLANG_WARN__DUPLICATE_METHOD_MATCH = YES;
				COPY_PHASE_STRIP = NO;
				DEBUG_INFORMATION_FORMAT = dwarf;
				ENABLE_STRICT_OBJC_MSGSEND = YES;
				ENABLE_TESTABILITY = YES;
				ENABLE_USER_SCRIPT_SANDBOXING = YES;
				GCC_C_LANGUAGE_STANDARD = gnu17;
				GCC_DYNAMIC_NO_PIC = NO;
				GCC_NO_COMMON_BLOCKS = YES;
				GCC_OPTIMIZATION_LEVEL = 0;
				GCC_PREPROCESSOR_DEFINITIONS = (
					"DEBUG=1",
					"$(inherited)",
				);
				GCC_WARN_64_TO_32_BIT_CONVERSION = YES;
				GCC_WARN_ABOUT_RETURN_TYPE = YES_ERROR;
				GCC_WARN_UNDECLARED_SELECTOR = YES;
				GCC_WARN_UNINITIALIZED_AUTOS = YES_AGGRESSIVE;
				GCC_WARN_UNUSED_FUNCTION = YES;
				GCC_WARN_UNUSED_VARIABLE = YES;
				IPHONEOS_DEPLOYMENT_TARGET = 18.2;
				LOCALIZATION_PREFERS_STRING_CATALOGS = YES;
				MTL_ENABLE_DEBUG_INFO = INCLUDE_SOURCE;
				MTL_FAST_MATH = YES;
				ONLY_ACTIVE_ARCH = YES;
				SDKROOT = iphoneos;
				SWIFT_ACTIVE_COMPILATION_CONDITIONS = "DEBUG $(inherited)";
				SWIFT_OPTIMIZATION_LEVEL = "-Onone";
			};
			name = Debug;
		};
		46A7FCAC2F4E0E250071D3AB /* Release */ = {
			isa = XCBuildConfiguration;
			buildSettings = {
				ALWAYS_SEARCH_USER_PATHS = NO;
				ASSETCATALOG_COMPILER_GENERATE_SWIFT_ASSET_SYMBOL_EXTENSIONS = YES;
				CLANG_ANALYZER_NONNULL = YES;
				CLANG_ANALYZER_NUMBER_OBJECT_CONVERSION = YES_AGGRESSIVE;
				CLANG_CXX_LANGUAGE_STANDARD = "gnu++20";
				CLANG_ENABLE_MODULES = YES;
				CLANG_ENABLE_OBJC_ARC = YES;
				CLANG_ENABLE_OBJC_WEAK = YES;
				CLANG_WARN_BLOCK_CAPTURE_AUTORELEASING = YES;
				CLANG_WARN_BOOL_CONVERSION = YES;
				CLANG_WARN_COMMA = YES;
				CLANG_WARN_CONSTANT_CONVERSION = YES;
				CLANG_WARN_DEPRECATED_OBJC_IMPLEMENTATIONS = YES;
				CLANG_WARN_DIRECT_OBJC_ISA_USAGE = YES_ERROR;
				CLANG_WARN_DOCUMENTATION_COMMENTS = YES;
				CLANG_WARN_EMPTY_BODY = YES;
				CLANG_WARN_ENUM_CONVERSION = YES;
				CLANG_WARN_INFINITE_RECURSION = YES;
				CLANG_WARN_INT_CONVERSION = YES;
				CLANG_WARN_NON_LITERAL_NULL_CONVERSION = YES;
				CLANG_WARN_OBJC_IMPLICIT_RETAIN_SELF = YES;
				CLANG_WARN_OBJC_LITERAL_CONVERSION = YES;
				CLANG_WARN_OBJC_ROOT_CLASS = YES_ERROR;
				CLANG_WARN_QUOTED_INCLUDE_IN_FRAMEWORK_HEADER = YES;
				CLANG_WARN_RANGE_LOOP_ANALYSIS = YES;
				CLANG_WARN_STRICT_PROTOTYPES = YES;
				CLANG_WARN_SUSPICIOUS_MOVE = YES;
				CLANG_WARN_UNGUARDED_AVAILABILITY = YES_AGGRESSIVE;
				CLANG_WARN_UNREACHABLE_CODE = YES;
				CLANG_WARN__DUPLICATE_METHOD_MATCH = YES;
				COPY_PHASE_STRIP = NO;
				DEBUG_INFORMATION_FORMAT = "dwarf-with-dsym";
				ENABLE_NS_ASSERTIONS = NO;
				ENABLE_STRICT_OBJC_MSGSEND = YES;
				ENABLE_USER_SCRIPT_SANDBOXING = YES;
				GCC_C_LANGUAGE_STANDARD = gnu17;
				GCC_NO_COMMON_BLOCKS = YES;
				GCC_WARN_64_TO_32_BIT_CONVERSION = YES;
				GCC_WARN_ABOUT_RETURN_TYPE = YES_ERROR;
				GCC_WARN_UNDECLARED_SELECTOR = YES;
				GCC_WARN_UNINITIALIZED_AUTOS = YES_AGGRESSIVE;
				GCC_WARN_UNUSED_FUNCTION = YES;
				GCC_WARN_UNUSED_VARIABLE = YES;
				IPHONEOS_DEPLOYMENT_TARGET = 18.2;
				LOCALIZATION_PREFERS_STRING_CATALOGS = YES;
				MTL_ENABLE_DEBUG_INFO = NO;
				MTL_FAST_MATH = YES;
				SDKROOT = iphoneos;
				SWIFT_COMPILATION_MODE = wholemodule;
				VALIDATE_PRODUCT = YES;
			};
			name = Release;
		};
		46A7FCAE2F4E0E250071D3AB /* Debug */ = {
			isa = XCBuildConfiguration;
			buildSettings = {
				ASSETCATALOG_COMPILER_APPICON_NAME = AppIcon;
				ASSETCATALOG_COMPILER_GLOBAL_ACCENT_COLOR_NAME = AccentColor;
				CODE_SIGN_STYLE = Automatic;
				CURRENT_PROJECT_VERSION = 1;
				DEVELOPMENT_ASSET_PATHS = "\"Barkly/Preview Content\"";
				DEVELOPMENT_TEAM = 5D376DVPM9;
				ENABLE_PREVIEWS = YES;
				GENERATE_INFOPLIST_FILE = YES;
				INFOPLIST_KEY_UIApplicationSceneManifest_Generation = YES;
				INFOPLIST_KEY_UIApplicationSupportsIndirectInputEvents = YES;
				INFOPLIST_KEY_UILaunchScreen_Generation = YES;
				INFOPLIST_KEY_UISupportedInterfaceOrientations_iPad = "UIInterfaceOrientationPortrait UIInterfaceOrientationPortraitUpsideDown UIInterfaceOrientationLandscapeLeft UIInterfaceOrientationLandscapeRight";
				INFOPLIST_KEY_UISupportedInterfaceOrientations_iPhone = "UIInterfaceOrientationPortrait UIInterfaceOrientationLandscapeLeft UIInterfaceOrientationLandscapeRight";
				LD_RUNPATH_SEARCH_PATHS = (
					"$(inherited)",
					"@executable_path/Frameworks",
				);
				MARKETING_VERSION = 1.0;
				PRODUCT_BUNDLE_IDENTIFIER = com.zakharovaad.Barkly;
				PRODUCT_NAME = "$(TARGET_NAME)";
				SWIFT_EMIT_LOC_STRINGS = YES;
				SWIFT_VERSION = 5.0;
				TARGETED_DEVICE_FAMILY = "1,2";
			};
			name = Debug;
		};
		46A7FCAF2F4E0E250071D3AB /* Release */ = {
			isa = XCBuildConfiguration;
			buildSettings = {
				ASSETCATALOG_COMPILER_APPICON_NAME = AppIcon;
				ASSETCATALOG_COMPILER_GLOBAL_ACCENT_COLOR_NAME = AccentColor;
				CODE_SIGN_STYLE = Automatic;
				CURRENT_PROJECT_VERSION = 1;
				DEVELOPMENT_ASSET_PATHS = "\"Barkly/Preview Content\"";
				DEVELOPMENT_TEAM = 5D376DVPM9;
				ENABLE_PREVIEWS = YES;
				GENERATE_INFOPLIST_FILE = YES;
				INFOPLIST_KEY_UIApplicationSceneManifest_Generation = YES;
				INFOPLIST_KEY_UIApplicationSupportsIndirectInputEvents = YES;
				INFOPLIST_KEY_UILaunchScreen_Generation = YES;
				INFOPLIST_KEY_UISupportedInterfaceOrientations_iPad = "UIInterfaceOrientationPortrait UIInterfaceOrientationPortraitUpsideDown UIInterfaceOrientationLandscapeLeft UIInterfaceOrientationLandscapeRight";
				INFOPLIST_KEY_UISupportedInterfaceOrientations_iPhone = "UIInterfaceOrientationPortrait UIInterfaceOrientationLandscapeLeft UIInterfaceOrientationLandscapeRight";
				LD_RUNPATH_SEARCH_PATHS = (
					"$(inherited)",
					"@executable_path/Frameworks",
				);
				MARKETING_VERSION = 1.0;
				PRODUCT_BUNDLE_IDENTIFIER = com.zakharovaad.Barkly;
				PRODUCT_NAME = "$(TARGET_NAME)";
				SWIFT_EMIT_LOC_STRINGS = YES;
				SWIFT_VERSION = 5.0;
				TARGETED_DEVICE_FAMILY = "1,2";
			};
			name = Release;
		};
		46A7FCB12F4E0E250071D3AB /* Debug */ = {
			isa = XCBuildConfiguration;
			buildSettings = {
				BUNDLE_LOADER = "$(TEST_HOST)";
				CODE_SIGN_STYLE = Automatic;
				CURRENT_PROJECT_VERSION = 1;
				DEVELOPMENT_TEAM = 5D376DVPM9;
				GENERATE_INFOPLIST_FILE = YES;
				IPHONEOS_DEPLOYMENT_TARGET = 18.2;
				MARKETING_VERSION = 1.0;
				PRODUCT_BUNDLE_IDENTIFIER = com.zakharovaad.BarklyTests;
				PRODUCT_NAME = "$(TARGET_NAME)";
				SWIFT_EMIT_LOC_STRINGS = NO;
				SWIFT_VERSION = 5.0;
				TARGETED_DEVICE_FAMILY = "1,2";
				TEST_HOST = "$(BUILT_PRODUCTS_DIR)/Barkly.app/$(BUNDLE_EXECUTABLE_FOLDER_PATH)/Barkly";
			};
			name = Debug;
		};
		46A7FCB22F4E0E250071D3AB /* Release */ = {
			isa = XCBuildConfiguration;
			buildSettings = {
				BUNDLE_LOADER = "$(TEST_HOST)";
				CODE_SIGN_STYLE = Automatic;
				CURRENT_PROJECT_VERSION = 1;
				DEVELOPMENT_TEAM = 5D376DVPM9;
				GENERATE_INFOPLIST_FILE = YES;
				IPHONEOS_DEPLOYMENT_TARGET = 18.2;
				MARKETING_VERSION = 1.0;
				PRODUCT_BUNDLE_IDENTIFIER = com.zakharovaad.BarklyTests;
				PRODUCT_NAME = "$(TARGET_NAME)";
				SWIFT_EMIT_LOC_STRINGS = NO;
				SWIFT_VERSION = 5.0;
				TARGETED_DEVICE_FAMILY = "1,2";
				TEST_HOST = "$(BUILT_PRODUCTS_DIR)/Barkly.app/$(BUNDLE_EXECUTABLE_FOLDER_PATH)/Barkly";
			};
			name = Release;
		};
		46A7FCB42F4E0E250071D3AB /* Debug */ = {
			isa = XCBuildConfiguration;
			buildSettings = {
				CODE_SIGN_STYLE = Automatic;
				CURRENT_PROJECT_VERSION = 1;
				DEVELOPMENT_TEAM = 5D376DVPM9;
				GENERATE_INFOPLIST_FILE = YES;
				MARKETING_VERSION = 1.0;
				PRODUCT_BUNDLE_IDENTIFIER = com.zakharovaad.BarklyUITests;
				PRODUCT_NAME = "$(TARGET_NAME)";
				SWIFT_EMIT_LOC_STRINGS = NO;
				SWIFT_VERSION = 5.0;
				TARGETED_DEVICE_FAMILY = "1,2";
				TEST_TARGET_NAME = Barkly;
			};
			name = Debug;
		};
		46A7FCB52F4E0E250071D3AB /* Release */ = {
			isa = XCBuildConfiguration;
			buildSettings = {
				CODE_SIGN_STYLE = Automatic;
				CURRENT_PROJECT_VERSION = 1;
				DEVELOPMENT_TEAM = 5D376DVPM9;
				GENERATE_INFOPLIST_FILE = YES;
				MARKETING_VERSION = 1.0;
				PRODUCT_BUNDLE_IDENTIFIER = com.zakharovaad.BarklyUITests;
				PRODUCT_NAME = "$(TARGET_NAME)";
				SWIFT_EMIT_LOC_STRINGS = NO;
				SWIFT_VERSION = 5.0;
				TARGETED_DEVICE_FAMILY = "1,2";
				TEST_TARGET_NAME = Barkly;
			};
			name = Release;
		};
/* End XCBuildConfiguration section */

/* Begin XCConfigurationList section */
		46A7FC842F4E0E220071D3AB /* Build configuration list for PBXProject "Barkly" */ = {
			isa = XCConfigurationList;
			buildConfigurations = (
				46A7FCAB2F4E0E250071D3AB /* Debug */,
				46A7FCAC2F4E0E250071D3AB /* Release */,
			);
			defaultConfigurationIsVisible = 0;
			defaultConfigurationName = Release;
		};
		46A7FCAD2F4E0E250071D3AB /* Build configuration list for PBXNativeTarget "Barkly" */ = {
			isa = XCConfigurationList;
			buildConfigurations = (
				46A7FCAE2F4E0E250071D3AB /* Debug */,
				46A7FCAF2F4E0E250071D3AB /* Release */,
			);
			defaultConfigurationIsVisible = 0;
			defaultConfigurationName = Release;
		};
		46A7FCB02F4E0E250071D3AB /* Build configuration list for PBXNativeTarget "BarklyTests" */ = {
			isa = XCConfigurationList;
			buildConfigurations = (
				46A7FCB12F4E0E250071D3AB /* Debug */,
				46A7FCB22F4E0E250071D3AB /* Release */,
			);
			defaultConfigurationIsVisible = 0;
			defaultConfigurationName = Release;
		};
		46A7FCB32F4E0E250071D3AB /* Build configuration list for PBXNativeTarget "BarklyUITests" */ = {
			isa = XCConfigurationList;
			buildConfigurations = (
				46A7FCB42F4E0E250071D3AB /* Debug */,
				46A7FCB52F4E0E250071D3AB /* Release */,
			);
			defaultConfigurationIsVisible = 0;
			defaultConfigurationName = Release;
		};
/* End XCConfigurationList section */
	};
	rootObject = 46A7FC812F4E0E220071D3AB /* Project object */;
}
